
Microsoft Visual Studio Solution File, Format Version 12.00
# Visual Studio 15
VisualStudioVersion = 15.0.26124.0
MinimumVisualStudioVersion = 15.0.26124.0
Project("{FAE04EC0-301F-11D3-BF4B-00C04F79EFBC}") = "my-web", "my-web\my-web.csproj", "{3B91AF8C-38FA-4770-8366-54DE552907F6}"
EndProject
Project("{FAE04EC0-301F-11D3-BF4B-00C04F79EFBC}") = "my-tests1", "my-tests1\my-tests1.csproj", "{7DAAA32E-772C-4EBE-A6FF-C3D0B19BEF37}"
EndProject
Project("{FAE04EC0-301F-11D3-BF4B-00C04F79EFBC}") = "my-tests2", "my-tests2\my-tests2.csproj", "{C534864B-18FC-44C1-AB88-6CF6F83CC892}"
EndProject
Global
	GlobalSection(SolutionConfigurationPlatforms) = preSolution
		Debug|Any CPU = Debug|Any CPU
		Debug|x64 = Debug|x64
		Debug|x86 = Debug|x86
		Release|Any CPU = Release|Any CPU
		Release|x64 = Release|x64
		Release|x86 = Release|x86
	EndGlobalSection
	GlobalSection(SolutionProperties) = preSolution
		HideSolutionNode = FALSE
	EndGlobalSection
	GlobalSection(ProjectConfigurationPlatforms) = postSolution
		{3B91AF8C-38FA-4770-8366-54DE552907F6}.Debug|Any CPU.ActiveCfg = Debug|Any CPU
		{3B91AF8C-38FA-4770-8366-54DE552907F6}.Debug|Any CPU.Build.0 = Debug|Any CPU
		{3B91AF8C-38FA-4770-8366-54DE552907F6}.Debug|x64.ActiveCfg = Debug|x64
		{3B91AF8C-38FA-4770-8366-54DE552907F6}.Debug|x64.Build.0 = Debug|x64
		{3B91AF8C-38FA-4770-8366-54DE552907F6}.Debug|x86.ActiveCfg = Debug|x86
		{3B91AF8C-38FA-4770-8366-54DE552907F6}.Debug|x86.Build.0 = Debug|x86
		{3B91AF8C-38FA-4770-8366-54DE552907F6}.Release|Any CPU.ActiveCfg = Release|Any CPU
		{3B91AF8C-38FA-4770-8366-54DE552907F6}.Release|Any CPU.Build.0 = Release|Any CPU
		{3B91AF8C-38FA-4770-8366-54DE552907F6}.Release|x64.ActiveCfg = Release|x64
		{3B91AF8C-38FA-4770-8366-54DE552907F6}.Release|x64.Build.0 = Release|x64
		{3B91AF8C-38FA-4770-8366-54DE552907F6}.Release|x86.ActiveCfg = Release|x86
		{3B91AF8C-38FA-4770-8366-54DE552907F6}.Release|x86.Build.0 = Release|x86
		{7DAAA32E-772C-4EBE-A6FF-C3D0B19BEF37}.Debug|Any CPU.ActiveCfg = Debug|Any CPU
		{7DAAA32E-772C-4EBE-A6FF-C3D0B19BEF37}.Debug|Any CPU.Build.0 = Debug|Any CPU
		{7DAAA32E-772C-4EBE-A6FF-C3D0B19BEF37}.Debug|x64.ActiveCfg = Debug|x64
		{7DAAA32E-772C-4EBE-A6FF-C3D0B19BEF37}.Debug|x64.Build.0 = Debug|x64
		{7DAAA32E-772C-4EBE-A6FF-C3D0B19BEF37}.Debug|x86.ActiveCfg = Debug|x86
		{7DAAA32E-772C-4EBE-A6FF-C3D0B19BEF37}.Debug|x86.Build.0 = Debug|x86
		{7DAAA32E-772C-4EBE-A6FF-C3D0B19BEF37}.Release|Any CPU.ActiveCfg = Release|Any CPU
		{7DAAA32E-772C-4EBE-A6FF-C3D0B19BEF37}.Release|Any CPU.Build.0 = Release|Any CPU
		{7DAAA32E-772C-4EBE-A6FF-C3D0B19BEF37}.Release|x64.ActiveCfg = Release|x64
		{7DAAA32E-772C-4EBE-A6FF-C3D0B19BEF37}.Release|x64.Build.0 = Release|x64
		{7DAAA32E-772C-4EBE-A6FF-C3D0B19BEF37}.Release|x86.ActiveCfg = Release|x86
		{7DAAA32E-772C-4EBE-A6FF-C3D0B19BEF37}.Release|x86.Build.0 = Release|x86
		{C534864B-18FC-44C1-AB88-6CF6F83CC892}.Debug|Any CPU.ActiveCfg = Debug|Any CPU
		{C534864B-18FC-44C1-AB88-6CF6F83CC892}.Debug|Any CPU.Build.0 = Debug|Any CPU
		{C534864B-18FC-44C1-AB88-6CF6F83CC892}.Debug|x64.ActiveCfg = Debug|x64
		{C534864B-18FC-44C1-AB88-6CF6F83CC892}.Debug|x64.Build.0 = Debug|x64
		{C534864B-18FC-44C1-AB88-6CF6F83CC892}.Debug|x86.ActiveCfg = Debug|x86
		{C534864B-18FC-44C1-AB88-6CF6F83CC892}.Debug|x86.Build.0 = Debug|x86
		{C534864B-18FC-44C1-AB88-6CF6F83CC892}.Release|Any CPU.ActiveCfg = Release|Any CPU
		{C534864B-18FC-44C1-AB88-6CF6F83CC892}.Release|Any CPU.Build.0 = Release|Any CPU
		{C534864B-18FC-44C1-AB88-6CF6F83CC892}.Release|x64.ActiveCfg = Release|x64
		{C534864B-18FC-44C1-AB88-6CF6F83CC892}.Release|x64.Build.0 = Release|x64
		{C534864B-18FC-44C1-AB88-6CF6F83CC892}.Release|x86.ActiveCfg = Release|x86
		{C534864B-18FC-44C1-AB88-6CF6F83CC892}.Release|x86.Build.0 = Release|x86
	EndGlobalSection
EndGlobal
